{
  "version": 4,
  "terraform_version": "1.14.3",
  "serial": 48,
  "lineage": "0016ca29-06ad-65e0-eb83-b49ada4635ea",
  "outputs": {
    "api_service_account": {
      "value": "study-peaks-api-prd@studypeaks-prd.iam.gserviceaccount.com",
      "type": "string"
    },
    "api_url": {
      "value": "https://study-peaks-api-prd-ozokydui6a-an.a.run.app",
      "type": "string"
    },
    "artifact_registry_url": {
      "value": "asia-northeast1-docker.pkg.dev/studypeaks-prd/study-peaks",
      "type": "string"
    },
    "environment": {
      "value": "prd",
      "type": "string"
    },
    "firestore_database": {
      "value": "(default)",
      "type": "string"
    },
    "scaling_config": {
      "value": {
        "deletion_protection": true,
        "max_instances": 20,
        "min_instances": 0
      },
      "type": [
        "object",
        {
          "deletion_protection": "bool",
          "max_instances": "number",
          "min_instances": "number"
        }
      ]
    }
  },
  "resources": [
    {
      "mode": "managed",
      "type": "google_artifact_registry_repository",
      "name": "api",
      "provider": "provider[\"registry.terraform.io/hashicorp/google\"]",
      "instances": [
        {
          "schema_version": 0,
          "attributes": {
            "cleanup_policies": [],
            "cleanup_policy_dry_run": false,
            "create_time": "2026-01-12T02:36:58.797416Z",
            "description": "Docker repository for Study Peaks API",
            "docker_config": [],
            "effective_labels": {},
            "format": "DOCKER",
            "id": "projects/studypeaks-prd/locations/asia-northeast1/repositories/study-peaks",
            "kms_key_name": "",
            "labels": {},
            "location": "asia-northeast1",
            "maven_config": [],
            "mode": "STANDARD_REPOSITORY",
            "name": "study-peaks",
            "project": "studypeaks-prd",
            "remote_repository_config": [],
            "repository_id": "study-peaks",
            "terraform_labels": {},
            "timeouts": null,
            "update_time": "2026-01-23T15:02:16.224064Z",
            "virtual_repository_config": []
          },
          "sensitive_attributes": [],
          "identity_schema_version": 0,
          "private": "eyJlMmJmYjczMC1lY2FhLTExZTYtOGY4OC0zNDM2M2JjN2M0YzAiOnsiY3JlYXRlIjoxMjAwMDAwMDAwMDAwLCJkZWxldGUiOjEyMDAwMDAwMDAwMDAsInVwZGF0ZSI6MTIwMDAwMDAwMDAwMH19",
          "dependencies": [
            "google_project_service.artifactregistry"
          ]
        }
      ]
    },
    {
      "mode": "managed",
      "type": "google_artifact_registry_repository_iam_member",
      "name": "api_reader",
      "provider": "provider[\"registry.terraform.io/hashicorp/google\"]",
      "instances": [
        {
          "schema_version": 0,
          "attributes": {
            "condition": [],
            "etag": "BwZIJ8AfU6s=",
            "id": "projects/studypeaks-prd/locations/asia-northeast1/repositories/study-peaks/roles/artifactregistry.reader/serviceAccount:study-peaks-api-prd@studypeaks-prd.iam.gserviceaccount.com",
            "location": "asia-northeast1",
            "member": "serviceAccount:study-peaks-api-prd@studypeaks-prd.iam.gserviceaccount.com",
            "project": "studypeaks-prd",
            "repository": "projects/studypeaks-prd/locations/asia-northeast1/repositories/study-peaks",
            "role": "roles/artifactregistry.reader"
          },
          "sensitive_attributes": [],
          "identity_schema_version": 0,
          "private": "bnVsbA==",
          "dependencies": [
            "google_artifact_registry_repository.api",
            "google_project_service.artifactregistry",
            "google_service_account.api"
          ]
        }
      ]
    },
    {
      "mode": "managed",
      "type": "google_cloud_run_v2_service",
      "name": "api",
      "provider": "provider[\"registry.terraform.io/hashicorp/google\"]",
      "instances": [
        {
          "schema_version": 0,
          "attributes": {
            "annotations": {},
            "binary_authorization": [],
            "client": "",
            "client_version": "",
            "conditions": [
              {
                "execution_reason": "",
                "last_transition_time": "2026-01-23T15:04:08.452186Z",
                "message": "",
                "reason": "",
                "revision_reason": "",
                "severity": "",
                "state": "CONDITION_SUCCEEDED",
                "type": "RoutesReady"
              },
              {
                "execution_reason": "",
                "last_transition_time": "2026-01-23T15:03:55.487784Z",
                "message": "",
                "reason": "",
                "revision_reason": "",
                "severity": "",
                "state": "CONDITION_SUCCEEDED",
                "type": "ConfigurationsReady"
              }
            ],
            "create_time": "2026-01-12T02:37:04.428855Z",
            "creator": "tomohico.takahashi@gmail.com",
            "custom_audiences": [],
            "delete_time": "",
            "description": "",
            "effective_annotations": {},
            "effective_labels": {},
            "etag": "\"CNibzssGEPjt3f8C/cHJvamVjdHMvc3R1ZHlwZWFrcy1wcmQvbG9jYXRpb25zL2FzaWEtbm9ydGhlYXN0MS9zZXJ2aWNlcy9zdHVkeS1wZWFrcy1hcGktcHJk\"",
            "expire_time": "",
            "generation": "18",
            "id": "projects/studypeaks-prd/locations/asia-northeast1/services/study-peaks-api-prd",
            "ingress": "INGRESS_TRAFFIC_ALL",
            "labels": {},
            "last_modifier": "tomohico.takahashi@gmail.com",
            "latest_created_revision": "projects/studypeaks-prd/locations/asia-northeast1/services/study-peaks-api-prd/revisions/study-peaks-api-prd-00017-9ln",
            "latest_ready_revision": "projects/studypeaks-prd/locations/asia-northeast1/services/study-peaks-api-prd/revisions/study-peaks-api-prd-00017-9ln",
            "launch_stage": "GA",
            "location": "asia-northeast1",
            "name": "study-peaks-api-prd",
            "observed_generation": "18",
            "project": "studypeaks-prd",
            "reconciling": false,
            "template": [
              {
                "annotations": {},
                "containers": [
                  {
                    "args": [],
                    "command": [],
                    "depends_on": [],
                    "env": [
                      {
                        "name": "GCP_PROJECT",
                        "value": "studypeaks-prd",
                        "value_source": []
                      },
                      {
                        "name": "ENVIRONMENT",
                        "value": "prd",
                        "value_source": []
                      }
                    ],
                    "image": "asia-northeast1-docker.pkg.dev/studypeaks-prd/study-peaks/api:v13",
                    "liveness_probe": [],
                    "name": "",
                    "ports": [
                      {
                        "container_port": 8080,
                        "name": "http1"
                      }
                    ],
                    "resources": [
                      {
                        "cpu_idle": true,
                        "limits": {
                          "cpu": "1",
                          "memory": "512Mi"
                        },
                        "startup_cpu_boost": false
                      }
                    ],
                    "startup_probe": [
                      {
                        "failure_threshold": 3,
                        "grpc": [],
                        "http_get": [
                          {
                            "http_headers": [],
                            "path": "/health",
                            "port": 8080
                          }
                        ],
                        "initial_delay_seconds": 0,
                        "period_seconds": 10,
                        "tcp_socket": [],
                        "timeout_seconds": 1
                      }
                    ],
                    "volume_mounts": [],
                    "working_dir": ""
                  }
                ],
                "encryption_key": "",
                "execution_environment": "",
                "labels": {},
                "max_instance_request_concurrency": 160,
                "revision": "",
                "scaling": [
                  {
                    "max_instance_count": 20,
                    "min_instance_count": 0
                  }
                ],
                "service_account": "study-peaks-api-prd@studypeaks-prd.iam.gserviceaccount.com",
                "session_affinity": false,
                "timeout": "300s",
                "volumes": [],
                "vpc_access": []
              }
            ],
            "terminal_condition": [
              {
                "execution_reason": "",
                "last_transition_time": "2026-01-23T15:04:08.486152Z",
                "message": "",
                "reason": "",
                "revision_reason": "",
                "severity": "",
                "state": "CONDITION_SUCCEEDED",
                "type": "Ready"
              }
            ],
            "terraform_labels": {},
            "timeouts": null,
            "traffic": [
              {
                "percent": 100,
                "revision": "",
                "tag": "",
                "type": "TRAFFIC_TARGET_ALLOCATION_TYPE_LATEST"
              }
            ],
            "traffic_statuses": [
              {
                "percent": 100,
                "revision": "",
                "tag": "",
                "type": "TRAFFIC_TARGET_ALLOCATION_TYPE_LATEST",
                "uri": ""
              }
            ],
            "uid": "dc9fbc5d-497f-4278-8c26-1096af38e3d7",
            "update_time": "2026-01-23T15:03:52.804747Z",
            "uri": "https://study-peaks-api-prd-ozokydui6a-an.a.run.app"
          },
          "sensitive_attributes": [],
          "identity_schema_version": 0,
          "private": "eyJlMmJmYjczMC1lY2FhLTExZTYtOGY4OC0zNDM2M2JjN2M0YzAiOnsiY3JlYXRlIjoxMjAwMDAwMDAwMDAwLCJkZWxldGUiOjEyMDAwMDAwMDAwMDAsInVwZGF0ZSI6MTIwMDAwMDAwMDAwMH19",
          "dependencies": [
            "google_artifact_registry_repository.api",
            "google_project_service.artifactregistry",
            "google_project_service.run",
            "google_service_account.api"
          ]
        }
      ]
    },
    {
      "mode": "managed",
      "type": "google_cloud_run_v2_service_iam_member",
      "name": "public",
      "provider": "provider[\"registry.terraform.io/hashicorp/google\"]",
      "instances": [
        {
          "schema_version": 0,
          "attributes": {
            "condition": [],
            "etag": "BwZIJ8GyxUA=",
            "id": "projects/studypeaks-prd/locations/asia-northeast1/services/study-peaks-api-prd/roles/run.invoker/allUsers",
            "location": "asia-northeast1",
            "member": "allUsers",
            "name": "projects/studypeaks-prd/locations/asia-northeast1/services/study-peaks-api-prd",
            "project": "studypeaks-prd",
            "role": "roles/run.invoker"
          },
          "sensitive_attributes": [],
          "identity_schema_version": 0,
          "private": "bnVsbA==",
          "dependencies": [
            "google_artifact_registry_repository.api",
            "google_cloud_run_v2_service.api",
            "google_project_service.artifactregistry",
            "google_project_service.run",
            "google_service_account.api"
          ]
        }
      ]
    },
    {
      "mode": "managed",
      "type": "google_cloud_run_v2_service_iam_member",
      "name": "scheduler_invoker",
      "provider": "provider[\"registry.terraform.io/hashicorp/google\"]",
      "instances": [
        {
          "schema_version": 0,
          "attributes": {
            "condition": [],
            "etag": "BwZIJ8GyxUA=",
            "id": "projects/studypeaks-prd/locations/asia-northeast1/services/study-peaks-api-prd/roles/run.invoker/serviceAccount:study-peaks-scheduler-prd@studypeaks-prd.iam.gserviceaccount.com",
            "location": "asia-northeast1",
            "member": "serviceAccount:study-peaks-scheduler-prd@studypeaks-prd.iam.gserviceaccount.com",
            "name": "projects/studypeaks-prd/locations/asia-northeast1/services/study-peaks-api-prd",
            "project": "studypeaks-prd",
            "role": "roles/run.invoker"
          },
          "sensitive_attributes": [],
          "identity_schema_version": 0,
          "private": "bnVsbA==",
          "dependencies": [
            "google_artifact_registry_repository.api",
            "google_cloud_run_v2_service.api",
            "google_project_service.artifactregistry",
            "google_project_service.run",
            "google_service_account.api",
            "google_service_account.scheduler"
          ]
        }
      ]
    },
    {
      "mode": "managed",
      "type": "google_cloud_scheduler_job",
      "name": "auto_logout",
      "provider": "provider[\"registry.terraform.io/hashicorp/google\"]",
      "instances": [
        {
          "schema_version": 0,
          "attributes": {
            "app_engine_http_target": [],
            "attempt_deadline": "180s",
            "description": "Force logout inactive sessions (24h without activity)",
            "http_target": [
              {
                "body": "",
                "headers": {},
                "http_method": "POST",
                "oauth_token": [],
                "oidc_token": [
                  {
                    "audience": "https://study-peaks-api-prd-ozokydui6a-an.a.run.app/internal/cleanup-sessions",
                    "service_account_email": "study-peaks-scheduler-prd@studypeaks-prd.iam.gserviceaccount.com"
                  }
                ],
                "uri": "https://study-peaks-api-prd-ozokydui6a-an.a.run.app/internal/cleanup-sessions"
              }
            ],
            "id": "projects/studypeaks-prd/locations/asia-northeast1/jobs/study-peaks-auto-logout-prd",
            "name": "study-peaks-auto-logout-prd",
            "paused": false,
            "project": "studypeaks-prd",
            "pubsub_target": [],
            "region": "asia-northeast1",
            "retry_config": [
              {
                "max_backoff_duration": "3600s",
                "max_doublings": 5,
                "max_retry_duration": "0s",
                "min_backoff_duration": "5s",
                "retry_count": 3
              }
            ],
            "schedule": "0 * * * *",
            "state": "ENABLED",
            "time_zone": "UTC",
            "timeouts": null
          },
          "sensitive_attributes": [],
          "identity_schema_version": 0,
          "private": "eyJlMmJmYjczMC1lY2FhLTExZTYtOGY4OC0zNDM2M2JjN2M0YzAiOnsiY3JlYXRlIjoxMjAwMDAwMDAwMDAwLCJkZWxldGUiOjEyMDAwMDAwMDAwMDAsInVwZGF0ZSI6MTIwMDAwMDAwMDAwMH19",
          "dependencies": [
            "google_artifact_registry_repository.api",
            "google_cloud_run_v2_service.api",
            "google_project_service.artifactregistry",
            "google_project_service.run",
            "google_project_service.scheduler",
            "google_service_account.api",
            "google_service_account.scheduler"
          ]
        }
      ]
    },
    {
      "mode": "managed",
      "type": "google_firestore_database",
      "name": "main",
      "provider": "provider[\"registry.terraform.io/hashicorp/google-beta\"]",
      "instances": [
        {
          "schema_version": 0,
          "attributes": {
            "app_engine_integration_mode": "DISABLED",
            "cmek_config": [],
            "concurrency_mode": "OPTIMISTIC",
            "create_time": "",
            "delete_protection_state": "DELETE_PROTECTION_DISABLED",
            "deletion_policy": "ABANDON",
            "earliest_version_time": "2026-01-23T14:02:28.456140Z",
            "etag": "IJ+5iZH3oZIDMJOhpoH8hJID",
            "id": "projects/studypeaks-prd/databases/(default)",
            "key_prefix": "",
            "location_id": "asia-northeast1",
            "name": "(default)",
            "point_in_time_recovery_enablement": "POINT_IN_TIME_RECOVERY_DISABLED",
            "project": "studypeaks-prd",
            "timeouts": null,
            "type": "FIRESTORE_NATIVE",
            "uid": "b1104c9a-33e2-461b-9c9a-62ed9cc9563d",
            "update_time": "",
            "version_retention_period": "3600s"
          },
          "sensitive_attributes": [],
          "identity_schema_version": 0,
          "private": "eyJlMmJmYjczMC1lY2FhLTExZTYtOGY4OC0zNDM2M2JjN2M0YzAiOnsiY3JlYXRlIjoxMjAwMDAwMDAwMDAwLCJkZWxldGUiOjEyMDAwMDAwMDAwMDAsInVwZGF0ZSI6MTIwMDAwMDAwMDAwMH19",
          "dependencies": [
            "google_project_service.firestore"
          ]
        }
      ]
    },
    {
      "mode": "managed",
      "type": "google_firestore_index",
      "name": "seats_last_sync",
      "provider": "provider[\"registry.terraform.io/hashicorp/google-beta\"]",
      "instances": [
        {
          "schema_version": 0,
          "attributes": {
            "api_scope": "ANY_API",
            "collection": "seats",
            "database": "(default)",
            "fields": [
              {
                "array_config": "",
                "field_path": "roomId",
                "order": "ASCENDING",
                "vector_config": []
              },
              {
                "array_config": "",
                "field_path": "lastSyncAt",
                "order": "ASCENDING",
                "vector_config": []
              },
              {
                "array_config": "",
                "field_path": "__name__",
                "order": "ASCENDING",
                "vector_config": []
              }
            ],
            "id": "projects/studypeaks-prd/databases/(default)/collectionGroups/seats/indexes/CICAgJiUpoMK",
            "name": "projects/studypeaks-prd/databases/(default)/collectionGroups/seats/indexes/CICAgJiUpoMK",
            "project": "studypeaks-prd",
            "query_scope": "COLLECTION",
            "timeouts": null
          },
          "sensitive_attributes": [],
          "identity_schema_version": 0,
          "private": "eyJlMmJmYjczMC1lY2FhLTExZTYtOGY4OC0zNDM2M2JjN2M0YzAiOnsiY3JlYXRlIjoxMjAwMDAwMDAwMDAwLCJkZWxldGUiOjEyMDAwMDAwMDAwMDB9fQ==",
          "dependencies": [
            "google_firestore_database.main",
            "google_project_service.firestore"
          ]
        }
      ]
    },
    {
      "mode": "managed",
      "type": "google_firestore_index",
      "name": "seats_occupied",
      "provider": "provider[\"registry.terraform.io/hashicorp/google-beta\"]",
      "instances": [
        {
          "schema_version": 0,
          "attributes": {
            "api_scope": "ANY_API",
            "collection": "seats",
            "database": "(default)",
            "fields": [
              {
                "array_config": "",
                "field_path": "isOccupied",
                "order": "ASCENDING",
                "vector_config": []
              },
              {
                "array_config": "",
                "field_path": "roomId",
                "order": "ASCENDING",
                "vector_config": []
              },
              {
                "array_config": "",
                "field_path": "__name__",
                "order": "ASCENDING",
                "vector_config": []
              }
            ],
            "id": "projects/studypeaks-prd/databases/(default)/collectionGroups/seats/indexes/CICAgOjXh4EK",
            "name": "projects/studypeaks-prd/databases/(default)/collectionGroups/seats/indexes/CICAgOjXh4EK",
            "project": "studypeaks-prd",
            "query_scope": "COLLECTION",
            "timeouts": null
          },
          "sensitive_attributes": [],
          "identity_schema_version": 0,
          "private": "eyJlMmJmYjczMC1lY2FhLTExZTYtOGY4OC0zNDM2M2JjN2M0YzAiOnsiY3JlYXRlIjoxMjAwMDAwMDAwMDAwLCJkZWxldGUiOjEyMDAwMDAwMDAwMDB9fQ==",
          "dependencies": [
            "google_firestore_database.main",
            "google_project_service.firestore"
          ]
        }
      ]
    },
    {
      "mode": "managed",
      "type": "google_identity_platform_config",
      "name": "main",
      "provider": "provider[\"registry.terraform.io/hashicorp/google-beta\"]",
      "instances": [
        {
          "schema_version": 0,
          "attributes": {
            "authorized_domains": [
              "studypeaks-prd.firebaseapp.com",
              "studypeaks-prd.web.app"
            ],
            "autodelete_anonymous_users": false,
            "blocking_functions": [],
            "client": [
              {
                "api_key": "AIzaSyCN0tVtnVsLbU-mNa0S-g4fdCTvPHw-5EI",
                "firebase_subdomain": "studypeaks-prd",
                "permissions": [
                  {
                    "disabled_user_deletion": false,
                    "disabled_user_signup": false
                  }
                ]
              }
            ],
            "id": "projects/studypeaks-prd/config",
            "mfa": [
              {
                "enabled_providers": [],
                "provider_configs": [],
                "state": "DISABLED"
              }
            ],
            "monitoring": [
              {
                "request_logging": [
                  {
                    "enabled": false
                  }
                ]
              }
            ],
            "multi_tenant": [],
            "name": "projects/550329395716/config",
            "project": "studypeaks-prd",
            "quota": [],
            "sign_in": [
              {
                "allow_duplicate_emails": false,
                "anonymous": [
                  {
                    "enabled": false
                  }
                ],
                "email": [
                  {
                    "enabled": true,
                    "password_required": true
                  }
                ],
                "hash_config": [
                  {
                    "algorithm": "SCRYPT",
                    "memory_cost": 14,
                    "rounds": 8,
                    "salt_separator": "Bw==",
                    "signer_key": "nN+8rDfAD1gUfh0lapYFg+SXfSRNuZWYbHZqwQqNL3A7ZXP1M0SqpA93eqp6lOsqry3/tkhki9keTLQ6fKMH4A=="
                  }
                ],
                "phone_number": []
              }
            ],
            "sms_region_config": [
              {
                "allow_by_default": [],
                "allowlist_only": []
              }
            ],
            "timeouts": null
          },
          "sensitive_attributes": [
            [
              {
                "type": "get_attr",
                "value": "client"
              },
              {
                "type": "index",
                "value": {
                  "value": 0,
                  "type": "number"
                }
              },
              {
                "type": "get_attr",
                "value": "api_key"
              }
            ]
          ],
          "identity_schema_version": 0,
          "private": "eyJlMmJmYjczMC1lY2FhLTExZTYtOGY4OC0zNDM2M2JjN2M0YzAiOnsiY3JlYXRlIjoxMjAwMDAwMDAwMDAwLCJkZWxldGUiOjEyMDAwMDAwMDAwMDAsInVwZGF0ZSI6MTIwMDAwMDAwMDAwMH19",
          "dependencies": [
            "google_project_service.identity_platform"
          ]
        }
      ]
    },
    {
      "mode": "managed",
      "type": "google_project_iam_member",
      "name": "api_firestore",
      "provider": "provider[\"registry.terraform.io/hashicorp/google\"]",
      "instances": [
        {
          "schema_version": 0,
          "attributes": {
            "condition": [],
            "etag": "BwZIkgRXxwE=",
            "id": "studypeaks-prd/roles/datastore.user/serviceAccount:study-peaks-api-prd@studypeaks-prd.iam.gserviceaccount.com",
            "member": "serviceAccount:study-peaks-api-prd@studypeaks-prd.iam.gserviceaccount.com",
            "project": "studypeaks-prd",
            "role": "roles/datastore.user"
          },
          "sensitive_attributes": [],
          "identity_schema_version": 0,
          "private": "bnVsbA==",
          "dependencies": [
            "google_service_account.api"
          ]
        }
      ]
    },
    {
      "mode": "managed",
      "type": "google_project_service",
      "name": "artifactregistry",
      "provider": "provider[\"registry.terraform.io/hashicorp/google\"]",
      "instances": [
        {
          "schema_version": 0,
          "attributes": {
            "disable_dependent_services": null,
            "disable_on_destroy": false,
            "id": "studypeaks-prd/artifactregistry.googleapis.com",
            "project": "studypeaks-prd",
            "service": "artifactregistry.googleapis.com",
            "timeouts": null
          },
          "sensitive_attributes": [],
          "identity_schema_version": 0,
          "private": "eyJlMmJmYjczMC1lY2FhLTExZTYtOGY4OC0zNDM2M2JjN2M0YzAiOnsiY3JlYXRlIjoxMjAwMDAwMDAwMDAwLCJkZWxldGUiOjEyMDAwMDAwMDAwMDAsInJlYWQiOjYwMDAwMDAwMDAwMCwidXBkYXRlIjoxMjAwMDAwMDAwMDAwfX0="
        }
      ]
    },
    {
      "mode": "managed",
      "type": "google_project_service",
      "name": "firestore",
      "provider": "provider[\"registry.terraform.io/hashicorp/google\"]",
      "instances": [
        {
          "schema_version": 0,
          "attributes": {
            "disable_dependent_services": null,
            "disable_on_destroy": false,
            "id": "studypeaks-prd/firestore.googleapis.com",
            "project": "studypeaks-prd",
            "service": "firestore.googleapis.com",
            "timeouts": null
          },
          "sensitive_attributes": [],
          "identity_schema_version": 0,
          "private": "eyJlMmJmYjczMC1lY2FhLTExZTYtOGY4OC0zNDM2M2JjN2M0YzAiOnsiY3JlYXRlIjoxMjAwMDAwMDAwMDAwLCJkZWxldGUiOjEyMDAwMDAwMDAwMDAsInJlYWQiOjYwMDAwMDAwMDAwMCwidXBkYXRlIjoxMjAwMDAwMDAwMDAwfX0="
        }
      ]
    },
    {
      "mode": "managed",
      "type": "google_project_service",
      "name": "identity_platform",
      "provider": "provider[\"registry.terraform.io/hashicorp/google\"]",
      "instances": [
        {
          "schema_version": 0,
          "attributes": {
            "disable_dependent_services": null,
            "disable_on_destroy": false,
            "id": "studypeaks-prd/identitytoolkit.googleapis.com",
            "project": "studypeaks-prd",
            "service": "identitytoolkit.googleapis.com",
            "timeouts": null
          },
          "sensitive_attributes": [],
          "identity_schema_version": 0,
          "private": "eyJlMmJmYjczMC1lY2FhLTExZTYtOGY4OC0zNDM2M2JjN2M0YzAiOnsiY3JlYXRlIjoxMjAwMDAwMDAwMDAwLCJkZWxldGUiOjEyMDAwMDAwMDAwMDAsInJlYWQiOjYwMDAwMDAwMDAwMCwidXBkYXRlIjoxMjAwMDAwMDAwMDAwfX0="
        }
      ]
    },
    {
      "mode": "managed",
      "type": "google_project_service",
      "name": "run",
      "provider": "provider[\"registry.terraform.io/hashicorp/google\"]",
      "instances": [
        {
          "schema_version": 0,
          "attributes": {
            "disable_dependent_services": null,
            "disable_on_destroy": false,
            "id": "studypeaks-prd/run.googleapis.com",
            "project": "studypeaks-prd",
            "service": "run.googleapis.com",
            "timeouts": null
          },
          "sensitive_attributes": [],
          "identity_schema_version": 0,
          "private": "eyJlMmJmYjczMC1lY2FhLTExZTYtOGY4OC0zNDM2M2JjN2M0YzAiOnsiY3JlYXRlIjoxMjAwMDAwMDAwMDAwLCJkZWxldGUiOjEyMDAwMDAwMDAwMDAsInJlYWQiOjYwMDAwMDAwMDAwMCwidXBkYXRlIjoxMjAwMDAwMDAwMDAwfX0="
        }
      ]
    },
    {
      "mode": "managed",
      "type": "google_project_service",
      "name": "scheduler",
      "provider": "provider[\"registry.terraform.io/hashicorp/google\"]",
      "instances": [
        {
          "schema_version": 0,
          "attributes": {
            "disable_dependent_services": null,
            "disable_on_destroy": false,
            "id": "studypeaks-prd/cloudscheduler.googleapis.com",
            "project": "studypeaks-prd",
            "service": "cloudscheduler.googleapis.com",
            "timeouts": null
          },
          "sensitive_attributes": [],
          "identity_schema_version": 0,
          "private": "eyJlMmJmYjczMC1lY2FhLTExZTYtOGY4OC0zNDM2M2JjN2M0YzAiOnsiY3JlYXRlIjoxMjAwMDAwMDAwMDAwLCJkZWxldGUiOjEyMDAwMDAwMDAwMDAsInJlYWQiOjYwMDAwMDAwMDAwMCwidXBkYXRlIjoxMjAwMDAwMDAwMDAwfX0="
        }
      ]
    },
    {
      "mode": "managed",
      "type": "google_service_account",
      "name": "api",
      "provider": "provider[\"registry.terraform.io/hashicorp/google\"]",
      "instances": [
        {
          "schema_version": 0,
          "attributes": {
            "account_id": "study-peaks-api-prd",
            "create_ignore_already_exists": null,
            "description": "",
            "disabled": false,
            "display_name": "Study Peaks API Service Account (prd)",
            "email": "study-peaks-api-prd@studypeaks-prd.iam.gserviceaccount.com",
            "id": "projects/studypeaks-prd/serviceAccounts/study-peaks-api-prd@studypeaks-prd.iam.gserviceaccount.com",
            "member": "serviceAccount:study-peaks-api-prd@studypeaks-prd.iam.gserviceaccount.com",
            "name": "projects/studypeaks-prd/serviceAccounts/study-peaks-api-prd@studypeaks-prd.iam.gserviceaccount.com",
            "project": "studypeaks-prd",
            "timeouts": null,
            "unique_id": "112121885145566525253"
          },
          "sensitive_attributes": [],
          "identity_schema_version": 0,
          "private": "eyJlMmJmYjczMC1lY2FhLTExZTYtOGY4OC0zNDM2M2JjN2M0YzAiOnsiY3JlYXRlIjozMDAwMDAwMDAwMDB9fQ=="
        }
      ]
    },
    {
      "mode": "managed",
      "type": "google_service_account",
      "name": "scheduler",
      "provider": "provider[\"registry.terraform.io/hashicorp/google\"]",
      "instances": [
        {
          "schema_version": 0,
          "attributes": {
            "account_id": "study-peaks-scheduler-prd",
            "create_ignore_already_exists": null,
            "description": "",
            "disabled": false,
            "display_name": "Study Peaks Scheduler Service Account (prd)",
            "email": "study-peaks-scheduler-prd@studypeaks-prd.iam.gserviceaccount.com",
            "id": "projects/studypeaks-prd/serviceAccounts/study-peaks-scheduler-prd@studypeaks-prd.iam.gserviceaccount.com",
            "member": "serviceAccount:study-peaks-scheduler-prd@studypeaks-prd.iam.gserviceaccount.com",
            "name": "projects/studypeaks-prd/serviceAccounts/study-peaks-scheduler-prd@studypeaks-prd.iam.gserviceaccount.com",
            "project": "studypeaks-prd",
            "timeouts": null,
            "unique_id": "101251452353210033357"
          },
          "sensitive_attributes": [],
          "identity_schema_version": 0,
          "private": "eyJlMmJmYjczMC1lY2FhLTExZTYtOGY4OC0zNDM2M2JjN2M0YzAiOnsiY3JlYXRlIjozMDAwMDAwMDAwMDB9fQ=="
        }
      ]
    }
  ],
  "check_results": null
}
