{
  "version": 4,
  "terraform_version": "1.14.3",
  "serial": 26,
  "lineage": "bbdbcfb7-3ea7-d2fc-6a36-e0bb3b2976e1",
  "outputs": {
    "api_service_account": {
      "value": "study-peaks-api-dev@studypeaks-dev.iam.gserviceaccount.com",
      "type": "string"
    },
    "api_url": {
      "value": "https://study-peaks-api-dev-opjqzrfbbq-an.a.run.app",
      "type": "string"
    },
    "artifact_registry_url": {
      "value": "asia-northeast1-docker.pkg.dev/studypeaks-dev/study-peaks",
      "type": "string"
    },
    "environment": {
      "value": "dev",
      "type": "string"
    },
    "firestore_database": {
      "value": "(default)",
      "type": "string"
    },
    "scaling_config": {
      "value": {
        "deletion_protection": false,
        "max_instances": 5,
        "min_instances": 0
      },
      "type": [
        "object",
        {
          "deletion_protection": "bool",
          "max_instances": "number",
          "min_instances": "number"
        }
      ]
    }
  },
  "resources": [
    {
      "mode": "managed",
      "type": "google_artifact_registry_repository",
      "name": "api",
      "provider": "provider[\"registry.terraform.io/hashicorp/google\"]",
      "instances": [
        {
          "schema_version": 0,
          "attributes": {
            "cleanup_policies": [],
            "cleanup_policy_dry_run": false,
            "create_time": "2026-01-12T02:28:23.824963Z",
            "description": "Docker repository for Study Peaks API",
            "docker_config": [],
            "effective_labels": {},
            "format": "DOCKER",
            "id": "projects/studypeaks-dev/locations/asia-northeast1/repositories/study-peaks",
            "kms_key_name": "",
            "labels": {},
            "location": "asia-northeast1",
            "maven_config": [],
            "mode": "STANDARD_REPOSITORY",
            "name": "study-peaks",
            "project": "studypeaks-dev",
            "remote_repository_config": [],
            "repository_id": "study-peaks",
            "terraform_labels": {},
            "timeouts": null,
            "update_time": "2026-01-12T02:28:23.824963Z",
            "virtual_repository_config": []
          },
          "sensitive_attributes": [],
          "identity_schema_version": 0,
          "private": "eyJlMmJmYjczMC1lY2FhLTExZTYtOGY4OC0zNDM2M2JjN2M0YzAiOnsiY3JlYXRlIjoxMjAwMDAwMDAwMDAwLCJkZWxldGUiOjEyMDAwMDAwMDAwMDAsInVwZGF0ZSI6MTIwMDAwMDAwMDAwMH19",
          "dependencies": [
            "google_project_service.artifactregistry"
          ]
        }
      ]
    },
    {
      "mode": "managed",
      "type": "google_artifact_registry_repository_iam_member",
      "name": "api_reader",
      "provider": "provider[\"registry.terraform.io/hashicorp/google\"]",
      "instances": [
        {
          "schema_version": 0,
          "attributes": {
            "condition": [],
            "etag": "BwZIJ6FFjHA=",
            "id": "projects/studypeaks-dev/locations/asia-northeast1/repositories/study-peaks/roles/artifactregistry.reader/serviceAccount:study-peaks-api-dev@studypeaks-dev.iam.gserviceaccount.com",
            "location": "asia-northeast1",
            "member": "serviceAccount:study-peaks-api-dev@studypeaks-dev.iam.gserviceaccount.com",
            "project": "studypeaks-dev",
            "repository": "projects/studypeaks-dev/locations/asia-northeast1/repositories/study-peaks",
            "role": "roles/artifactregistry.reader"
          },
          "sensitive_attributes": [],
          "identity_schema_version": 0,
          "private": "bnVsbA==",
          "dependencies": [
            "google_artifact_registry_repository.api",
            "google_project_service.artifactregistry",
            "google_service_account.api"
          ]
        }
      ]
    },
    {
      "mode": "managed",
      "type": "google_cloud_run_v2_service",
      "name": "api",
      "provider": "provider[\"registry.terraform.io/hashicorp/google\"]",
      "instances": [
        {
          "schema_version": 0,
          "attributes": {
            "annotations": {},
            "binary_authorization": [],
            "client": "",
            "client_version": "",
            "conditions": [
              {
                "execution_reason": "",
                "last_transition_time": "2026-01-12T02:28:43.229897Z",
                "message": "",
                "reason": "",
                "revision_reason": "",
                "severity": "",
                "state": "CONDITION_SUCCEEDED",
                "type": "RoutesReady"
              },
              {
                "execution_reason": "",
                "last_transition_time": "2026-01-12T02:28:29.422171Z",
                "message": "",
                "reason": "",
                "revision_reason": "",
                "severity": "",
                "state": "CONDITION_SUCCEEDED",
                "type": "ConfigurationsReady"
              }
            ],
            "create_time": "2026-01-12T02:28:26.653243Z",
            "creator": "tomohico.takahashi@gmail.com",
            "custom_audiences": [],
            "delete_time": "",
            "description": "",
            "effective_annotations": {},
            "effective_labels": {},
            "etag": "\"CMq4kcsGEPjkvrcC/cHJvamVjdHMvc3R1ZHlwZWFrcy1kZXYvbG9jYXRpb25zL2FzaWEtbm9ydGhlYXN0MS9zZXJ2aWNlcy9zdHVkeS1wZWFrcy1hcGktZGV2\"",
            "expire_time": "",
            "generation": "1",
            "id": "projects/studypeaks-dev/locations/asia-northeast1/services/study-peaks-api-dev",
            "ingress": "INGRESS_TRAFFIC_ALL",
            "labels": {},
            "last_modifier": "tomohico.takahashi@gmail.com",
            "latest_created_revision": "projects/studypeaks-dev/locations/asia-northeast1/services/study-peaks-api-dev/revisions/study-peaks-api-dev-00001-jxs",
            "latest_ready_revision": "projects/studypeaks-dev/locations/asia-northeast1/services/study-peaks-api-dev/revisions/study-peaks-api-dev-00001-jxs",
            "launch_stage": "GA",
            "location": "asia-northeast1",
            "name": "study-peaks-api-dev",
            "observed_generation": "1",
            "project": "studypeaks-dev",
            "reconciling": false,
            "template": [
              {
                "annotations": {},
                "containers": [
                  {
                    "args": [],
                    "command": [],
                    "depends_on": [],
                    "env": [
                      {
                        "name": "GCP_PROJECT",
                        "value": "studypeaks-dev",
                        "value_source": []
                      },
                      {
                        "name": "ENVIRONMENT",
                        "value": "dev",
                        "value_source": []
                      }
                    ],
                    "image": "gcr.io/cloudrun/hello",
                    "liveness_probe": [],
                    "name": "",
                    "ports": [
                      {
                        "container_port": 8080,
                        "name": "http1"
                      }
                    ],
                    "resources": [
                      {
                        "cpu_idle": true,
                        "limits": {
                          "cpu": "1",
                          "memory": "512Mi"
                        },
                        "startup_cpu_boost": false
                      }
                    ],
                    "startup_probe": [
                      {
                        "failure_threshold": 3,
                        "grpc": [],
                        "http_get": [
                          {
                            "http_headers": [],
                            "path": "/health",
                            "port": 8080
                          }
                        ],
                        "initial_delay_seconds": 0,
                        "period_seconds": 10,
                        "tcp_socket": [],
                        "timeout_seconds": 1
                      }
                    ],
                    "volume_mounts": [],
                    "working_dir": ""
                  }
                ],
                "encryption_key": "",
                "execution_environment": "",
                "labels": {},
                "max_instance_request_concurrency": 80,
                "revision": "",
                "scaling": [
                  {
                    "max_instance_count": 5,
                    "min_instance_count": 0
                  }
                ],
                "service_account": "study-peaks-api-dev@studypeaks-dev.iam.gserviceaccount.com",
                "session_affinity": false,
                "timeout": "300s",
                "volumes": [],
                "vpc_access": []
              }
            ],
            "terminal_condition": [
              {
                "execution_reason": "",
                "last_transition_time": "2026-01-12T02:28:43.264440Z",
                "message": "",
                "reason": "",
                "revision_reason": "",
                "severity": "",
                "state": "CONDITION_SUCCEEDED",
                "type": "Ready"
              }
            ],
            "terraform_labels": {},
            "timeouts": null,
            "traffic": [
              {
                "percent": 100,
                "revision": "",
                "tag": "",
                "type": "TRAFFIC_TARGET_ALLOCATION_TYPE_LATEST"
              }
            ],
            "traffic_statuses": [
              {
                "percent": 100,
                "revision": "",
                "tag": "",
                "type": "TRAFFIC_TARGET_ALLOCATION_TYPE_LATEST",
                "uri": ""
              }
            ],
            "uid": "a0fb1a5c-b599-4b3b-8239-5095a4073e9c",
            "update_time": "2026-01-12T02:28:26.653243Z",
            "uri": "https://study-peaks-api-dev-opjqzrfbbq-an.a.run.app"
          },
          "sensitive_attributes": [],
          "identity_schema_version": 0,
          "private": "eyJlMmJmYjczMC1lY2FhLTExZTYtOGY4OC0zNDM2M2JjN2M0YzAiOnsiY3JlYXRlIjoxMjAwMDAwMDAwMDAwLCJkZWxldGUiOjEyMDAwMDAwMDAwMDAsInVwZGF0ZSI6MTIwMDAwMDAwMDAwMH19",
          "dependencies": [
            "google_artifact_registry_repository.api",
            "google_project_service.artifactregistry",
            "google_project_service.run",
            "google_service_account.api"
          ]
        }
      ]
    },
    {
      "mode": "managed",
      "type": "google_cloud_run_v2_service_iam_member",
      "name": "public",
      "provider": "provider[\"registry.terraform.io/hashicorp/google\"]",
      "instances": [
        {
          "schema_version": 0,
          "attributes": {
            "condition": [],
            "etag": "BwZIJ6LSLQo=",
            "id": "projects/studypeaks-dev/locations/asia-northeast1/services/study-peaks-api-dev/roles/run.invoker/allUsers",
            "location": "asia-northeast1",
            "member": "allUsers",
            "name": "projects/studypeaks-dev/locations/asia-northeast1/services/study-peaks-api-dev",
            "project": "studypeaks-dev",
            "role": "roles/run.invoker"
          },
          "sensitive_attributes": [],
          "identity_schema_version": 0,
          "private": "bnVsbA==",
          "dependencies": [
            "google_artifact_registry_repository.api",
            "google_cloud_run_v2_service.api",
            "google_project_service.artifactregistry",
            "google_project_service.run",
            "google_service_account.api"
          ]
        }
      ]
    },
    {
      "mode": "managed",
      "type": "google_cloud_run_v2_service_iam_member",
      "name": "scheduler_invoker",
      "provider": "provider[\"registry.terraform.io/hashicorp/google\"]",
      "instances": [
        {
          "schema_version": 0,
          "attributes": {
            "condition": [],
            "etag": "BwZIJ6LSLQo=",
            "id": "projects/studypeaks-dev/locations/asia-northeast1/services/study-peaks-api-dev/roles/run.invoker/serviceAccount:study-peaks-scheduler-dev@studypeaks-dev.iam.gserviceaccount.com",
            "location": "asia-northeast1",
            "member": "serviceAccount:study-peaks-scheduler-dev@studypeaks-dev.iam.gserviceaccount.com",
            "name": "projects/studypeaks-dev/locations/asia-northeast1/services/study-peaks-api-dev",
            "project": "studypeaks-dev",
            "role": "roles/run.invoker"
          },
          "sensitive_attributes": [],
          "identity_schema_version": 0,
          "private": "bnVsbA==",
          "dependencies": [
            "google_artifact_registry_repository.api",
            "google_cloud_run_v2_service.api",
            "google_project_service.artifactregistry",
            "google_project_service.run",
            "google_service_account.api",
            "google_service_account.scheduler"
          ]
        }
      ]
    },
    {
      "mode": "managed",
      "type": "google_cloud_scheduler_job",
      "name": "auto_logout",
      "provider": "provider[\"registry.terraform.io/hashicorp/google\"]",
      "instances": [
        {
          "schema_version": 0,
          "attributes": {
            "app_engine_http_target": [],
            "attempt_deadline": "180s",
            "description": "Force logout inactive sessions (24h without activity)",
            "http_target": [
              {
                "body": "",
                "headers": {},
                "http_method": "POST",
                "oauth_token": [],
                "oidc_token": [
                  {
                    "audience": "https://study-peaks-api-dev-opjqzrfbbq-an.a.run.app/internal/cleanup-sessions",
                    "service_account_email": "study-peaks-scheduler-dev@studypeaks-dev.iam.gserviceaccount.com"
                  }
                ],
                "uri": "https://study-peaks-api-dev-opjqzrfbbq-an.a.run.app/internal/cleanup-sessions"
              }
            ],
            "id": "projects/studypeaks-dev/locations/asia-northeast1/jobs/study-peaks-auto-logout-dev",
            "name": "study-peaks-auto-logout-dev",
            "paused": false,
            "project": "studypeaks-dev",
            "pubsub_target": [],
            "region": "asia-northeast1",
            "retry_config": [
              {
                "max_backoff_duration": "3600s",
                "max_doublings": 5,
                "max_retry_duration": "0s",
                "min_backoff_duration": "5s",
                "retry_count": 3
              }
            ],
            "schedule": "0 * * * *",
            "state": "ENABLED",
            "time_zone": "UTC",
            "timeouts": null
          },
          "sensitive_attributes": [],
          "identity_schema_version": 0,
          "private": "eyJlMmJmYjczMC1lY2FhLTExZTYtOGY4OC0zNDM2M2JjN2M0YzAiOnsiY3JlYXRlIjoxMjAwMDAwMDAwMDAwLCJkZWxldGUiOjEyMDAwMDAwMDAwMDAsInVwZGF0ZSI6MTIwMDAwMDAwMDAwMH19",
          "dependencies": [
            "google_artifact_registry_repository.api",
            "google_cloud_run_v2_service.api",
            "google_project_service.artifactregistry",
            "google_project_service.run",
            "google_project_service.scheduler",
            "google_service_account.api",
            "google_service_account.scheduler"
          ]
        }
      ]
    },
    {
      "mode": "managed",
      "type": "google_firestore_database",
      "name": "main",
      "provider": "provider[\"registry.terraform.io/hashicorp/google-beta\"]",
      "instances": [
        {
          "schema_version": 0,
          "attributes": {
            "app_engine_integration_mode": "DISABLED",
            "cmek_config": [],
            "concurrency_mode": "OPTIMISTIC",
            "create_time": "",
            "delete_protection_state": "DELETE_PROTECTION_DISABLED",
            "deletion_policy": "DELETE",
            "earliest_version_time": "2026-01-17T06:12:20.761043Z",
            "etag": "IJqum+6CkpIDMOG4weL6hJID",
            "id": "projects/studypeaks-dev/databases/(default)",
            "key_prefix": "",
            "location_id": "asia-northeast1",
            "name": "(default)",
            "point_in_time_recovery_enablement": "POINT_IN_TIME_RECOVERY_DISABLED",
            "project": "studypeaks-dev",
            "timeouts": null,
            "type": "FIRESTORE_NATIVE",
            "uid": "e9b8f8f8-8981-48ca-9f9e-554469b1f07d",
            "update_time": "",
            "version_retention_period": "3600s"
          },
          "sensitive_attributes": [],
          "identity_schema_version": 0,
          "private": "eyJlMmJmYjczMC1lY2FhLTExZTYtOGY4OC0zNDM2M2JjN2M0YzAiOnsiY3JlYXRlIjoxMjAwMDAwMDAwMDAwLCJkZWxldGUiOjEyMDAwMDAwMDAwMDAsInVwZGF0ZSI6MTIwMDAwMDAwMDAwMH19",
          "dependencies": [
            "google_project_service.firestore"
          ]
        }
      ]
    },
    {
      "mode": "managed",
      "type": "google_firestore_index",
      "name": "seats_last_sync",
      "provider": "provider[\"registry.terraform.io/hashicorp/google-beta\"]",
      "instances": [
        {
          "schema_version": 0,
          "attributes": {
            "api_scope": "ANY_API",
            "collection": "seats",
            "database": "(default)",
            "fields": [
              {
                "array_config": "",
                "field_path": "roomId",
                "order": "ASCENDING",
                "vector_config": []
              },
              {
                "array_config": "",
                "field_path": "lastSyncAt",
                "order": "ASCENDING",
                "vector_config": []
              },
              {
                "array_config": "",
                "field_path": "__name__",
                "order": "ASCENDING",
                "vector_config": []
              }
            ],
            "id": "projects/studypeaks-dev/databases/(default)/collectionGroups/seats/indexes/CICAgOjXh4EK",
            "name": "projects/studypeaks-dev/databases/(default)/collectionGroups/seats/indexes/CICAgOjXh4EK",
            "project": "studypeaks-dev",
            "query_scope": "COLLECTION",
            "timeouts": null
          },
          "sensitive_attributes": [],
          "identity_schema_version": 0,
          "private": "eyJlMmJmYjczMC1lY2FhLTExZTYtOGY4OC0zNDM2M2JjN2M0YzAiOnsiY3JlYXRlIjoxMjAwMDAwMDAwMDAwLCJkZWxldGUiOjEyMDAwMDAwMDAwMDB9fQ==",
          "dependencies": [
            "google_firestore_database.main",
            "google_project_service.firestore"
          ]
        }
      ]
    },
    {
      "mode": "managed",
      "type": "google_firestore_index",
      "name": "seats_occupied",
      "provider": "provider[\"registry.terraform.io/hashicorp/google-beta\"]",
      "instances": [
        {
          "schema_version": 0,
          "attributes": {
            "api_scope": "ANY_API",
            "collection": "seats",
            "database": "(default)",
            "fields": [
              {
                "array_config": "",
                "field_path": "isOccupied",
                "order": "ASCENDING",
                "vector_config": []
              },
              {
                "array_config": "",
                "field_path": "roomId",
                "order": "ASCENDING",
                "vector_config": []
              },
              {
                "array_config": "",
                "field_path": "__name__",
                "order": "ASCENDING",
                "vector_config": []
              }
            ],
            "id": "projects/studypeaks-dev/databases/(default)/collectionGroups/seats/indexes/CICAgOi3kJAK",
            "name": "projects/studypeaks-dev/databases/(default)/collectionGroups/seats/indexes/CICAgOi3kJAK",
            "project": "studypeaks-dev",
            "query_scope": "COLLECTION",
            "timeouts": null
          },
          "sensitive_attributes": [],
          "identity_schema_version": 0,
          "private": "eyJlMmJmYjczMC1lY2FhLTExZTYtOGY4OC0zNDM2M2JjN2M0YzAiOnsiY3JlYXRlIjoxMjAwMDAwMDAwMDAwLCJkZWxldGUiOjEyMDAwMDAwMDAwMDB9fQ==",
          "dependencies": [
            "google_firestore_database.main",
            "google_project_service.firestore"
          ]
        }
      ]
    },
    {
      "mode": "managed",
      "type": "google_identity_platform_config",
      "name": "main",
      "provider": "provider[\"registry.terraform.io/hashicorp/google-beta\"]",
      "instances": [
        {
          "schema_version": 0,
          "attributes": {
            "authorized_domains": [
              "studypeaks-dev.firebaseapp.com",
              "studypeaks-dev.web.app"
            ],
            "autodelete_anonymous_users": false,
            "blocking_functions": [],
            "client": [
              {
                "api_key": "AIzaSyBEPGRjLQLmp6AuuP00ih6obsNxXYI_whI",
                "firebase_subdomain": "studypeaks-dev",
                "permissions": [
                  {
                    "disabled_user_deletion": false,
                    "disabled_user_signup": false
                  }
                ]
              }
            ],
            "id": "projects/studypeaks-dev/config",
            "mfa": [
              {
                "enabled_providers": [],
                "provider_configs": [],
                "state": "DISABLED"
              }
            ],
            "monitoring": [
              {
                "request_logging": [
                  {
                    "enabled": false
                  }
                ]
              }
            ],
            "multi_tenant": [],
            "name": "projects/131967989421/config",
            "project": "studypeaks-dev",
            "quota": [],
            "sign_in": [
              {
                "allow_duplicate_emails": false,
                "anonymous": [
                  {
                    "enabled": false
                  }
                ],
                "email": [
                  {
                    "enabled": true,
                    "password_required": true
                  }
                ],
                "hash_config": [
                  {
                    "algorithm": "SCRYPT",
                    "memory_cost": 14,
                    "rounds": 8,
                    "salt_separator": "Bw==",
                    "signer_key": "0osZSWxvhUeF3AbqRR9649zKatKoOMcuBsLqKyaNN51Mzdy8rnVoFG70OAlKrh83bAI3SJl6iXW5pjsj558zRA=="
                  }
                ],
                "phone_number": []
              }
            ],
            "sms_region_config": [
              {
                "allow_by_default": [],
                "allowlist_only": []
              }
            ],
            "timeouts": null
          },
          "sensitive_attributes": [
            [
              {
                "type": "get_attr",
                "value": "client"
              },
              {
                "type": "index",
                "value": {
                  "value": 0,
                  "type": "number"
                }
              },
              {
                "type": "get_attr",
                "value": "api_key"
              }
            ]
          ],
          "identity_schema_version": 0,
          "private": "eyJlMmJmYjczMC1lY2FhLTExZTYtOGY4OC0zNDM2M2JjN2M0YzAiOnsiY3JlYXRlIjoxMjAwMDAwMDAwMDAwLCJkZWxldGUiOjEyMDAwMDAwMDAwMDAsInVwZGF0ZSI6MTIwMDAwMDAwMDAwMH19",
          "dependencies": [
            "google_project_service.identity_platform"
          ]
        }
      ]
    },
    {
      "mode": "managed",
      "type": "google_project_iam_member",
      "name": "api_firestore",
      "provider": "provider[\"registry.terraform.io/hashicorp/google\"]",
      "instances": [
        {
          "schema_version": 0,
          "attributes": {
            "condition": [],
            "etag": "BwZIJ7DU8Dc=",
            "id": "studypeaks-dev/roles/datastore.user/serviceAccount:study-peaks-api-dev@studypeaks-dev.iam.gserviceaccount.com",
            "member": "serviceAccount:study-peaks-api-dev@studypeaks-dev.iam.gserviceaccount.com",
            "project": "studypeaks-dev",
            "role": "roles/datastore.user"
          },
          "sensitive_attributes": [],
          "identity_schema_version": 0,
          "private": "bnVsbA==",
          "dependencies": [
            "google_service_account.api"
          ]
        }
      ]
    },
    {
      "mode": "managed",
      "type": "google_project_service",
      "name": "artifactregistry",
      "provider": "provider[\"registry.terraform.io/hashicorp/google\"]",
      "instances": [
        {
          "schema_version": 0,
          "attributes": {
            "disable_dependent_services": null,
            "disable_on_destroy": false,
            "id": "studypeaks-dev/artifactregistry.googleapis.com",
            "project": "studypeaks-dev",
            "service": "artifactregistry.googleapis.com",
            "timeouts": null
          },
          "sensitive_attributes": [],
          "identity_schema_version": 0,
          "private": "eyJlMmJmYjczMC1lY2FhLTExZTYtOGY4OC0zNDM2M2JjN2M0YzAiOnsiY3JlYXRlIjoxMjAwMDAwMDAwMDAwLCJkZWxldGUiOjEyMDAwMDAwMDAwMDAsInJlYWQiOjYwMDAwMDAwMDAwMCwidXBkYXRlIjoxMjAwMDAwMDAwMDAwfX0="
        }
      ]
    },
    {
      "mode": "managed",
      "type": "google_project_service",
      "name": "firestore",
      "provider": "provider[\"registry.terraform.io/hashicorp/google\"]",
      "instances": [
        {
          "schema_version": 0,
          "attributes": {
            "disable_dependent_services": null,
            "disable_on_destroy": false,
            "id": "studypeaks-dev/firestore.googleapis.com",
            "project": "studypeaks-dev",
            "service": "firestore.googleapis.com",
            "timeouts": null
          },
          "sensitive_attributes": [],
          "identity_schema_version": 0,
          "private": "eyJlMmJmYjczMC1lY2FhLTExZTYtOGY4OC0zNDM2M2JjN2M0YzAiOnsiY3JlYXRlIjoxMjAwMDAwMDAwMDAwLCJkZWxldGUiOjEyMDAwMDAwMDAwMDAsInJlYWQiOjYwMDAwMDAwMDAwMCwidXBkYXRlIjoxMjAwMDAwMDAwMDAwfX0="
        }
      ]
    },
    {
      "mode": "managed",
      "type": "google_project_service",
      "name": "identity_platform",
      "provider": "provider[\"registry.terraform.io/hashicorp/google\"]",
      "instances": [
        {
          "schema_version": 0,
          "attributes": {
            "disable_dependent_services": null,
            "disable_on_destroy": false,
            "id": "studypeaks-dev/identitytoolkit.googleapis.com",
            "project": "studypeaks-dev",
            "service": "identitytoolkit.googleapis.com",
            "timeouts": null
          },
          "sensitive_attributes": [],
          "identity_schema_version": 0,
          "private": "eyJlMmJmYjczMC1lY2FhLTExZTYtOGY4OC0zNDM2M2JjN2M0YzAiOnsiY3JlYXRlIjoxMjAwMDAwMDAwMDAwLCJkZWxldGUiOjEyMDAwMDAwMDAwMDAsInJlYWQiOjYwMDAwMDAwMDAwMCwidXBkYXRlIjoxMjAwMDAwMDAwMDAwfX0="
        }
      ]
    },
    {
      "mode": "managed",
      "type": "google_project_service",
      "name": "run",
      "provider": "provider[\"registry.terraform.io/hashicorp/google\"]",
      "instances": [
        {
          "schema_version": 0,
          "attributes": {
            "disable_dependent_services": null,
            "disable_on_destroy": false,
            "id": "studypeaks-dev/run.googleapis.com",
            "project": "studypeaks-dev",
            "service": "run.googleapis.com",
            "timeouts": null
          },
          "sensitive_attributes": [],
          "identity_schema_version": 0,
          "private": "eyJlMmJmYjczMC1lY2FhLTExZTYtOGY4OC0zNDM2M2JjN2M0YzAiOnsiY3JlYXRlIjoxMjAwMDAwMDAwMDAwLCJkZWxldGUiOjEyMDAwMDAwMDAwMDAsInJlYWQiOjYwMDAwMDAwMDAwMCwidXBkYXRlIjoxMjAwMDAwMDAwMDAwfX0="
        }
      ]
    },
    {
      "mode": "managed",
      "type": "google_project_service",
      "name": "scheduler",
      "provider": "provider[\"registry.terraform.io/hashicorp/google\"]",
      "instances": [
        {
          "schema_version": 0,
          "attributes": {
            "disable_dependent_services": null,
            "disable_on_destroy": false,
            "id": "studypeaks-dev/cloudscheduler.googleapis.com",
            "project": "studypeaks-dev",
            "service": "cloudscheduler.googleapis.com",
            "timeouts": null
          },
          "sensitive_attributes": [],
          "identity_schema_version": 0,
          "private": "eyJlMmJmYjczMC1lY2FhLTExZTYtOGY4OC0zNDM2M2JjN2M0YzAiOnsiY3JlYXRlIjoxMjAwMDAwMDAwMDAwLCJkZWxldGUiOjEyMDAwMDAwMDAwMDAsInJlYWQiOjYwMDAwMDAwMDAwMCwidXBkYXRlIjoxMjAwMDAwMDAwMDAwfX0="
        }
      ]
    },
    {
      "mode": "managed",
      "type": "google_service_account",
      "name": "api",
      "provider": "provider[\"registry.terraform.io/hashicorp/google\"]",
      "instances": [
        {
          "schema_version": 0,
          "attributes": {
            "account_id": "study-peaks-api-dev",
            "create_ignore_already_exists": null,
            "description": "",
            "disabled": false,
            "display_name": "Study Peaks API Service Account (dev)",
            "email": "study-peaks-api-dev@studypeaks-dev.iam.gserviceaccount.com",
            "id": "projects/studypeaks-dev/serviceAccounts/study-peaks-api-dev@studypeaks-dev.iam.gserviceaccount.com",
            "member": "serviceAccount:study-peaks-api-dev@studypeaks-dev.iam.gserviceaccount.com",
            "name": "projects/studypeaks-dev/serviceAccounts/study-peaks-api-dev@studypeaks-dev.iam.gserviceaccount.com",
            "project": "studypeaks-dev",
            "timeouts": null,
            "unique_id": "105038930903582065291"
          },
          "sensitive_attributes": [],
          "identity_schema_version": 0,
          "private": "eyJlMmJmYjczMC1lY2FhLTExZTYtOGY4OC0zNDM2M2JjN2M0YzAiOnsiY3JlYXRlIjozMDAwMDAwMDAwMDB9fQ=="
        }
      ]
    },
    {
      "mode": "managed",
      "type": "google_service_account",
      "name": "scheduler",
      "provider": "provider[\"registry.terraform.io/hashicorp/google\"]",
      "instances": [
        {
          "schema_version": 0,
          "attributes": {
            "account_id": "study-peaks-scheduler-dev",
            "create_ignore_already_exists": null,
            "description": "",
            "disabled": false,
            "display_name": "Study Peaks Scheduler Service Account (dev)",
            "email": "study-peaks-scheduler-dev@studypeaks-dev.iam.gserviceaccount.com",
            "id": "projects/studypeaks-dev/serviceAccounts/study-peaks-scheduler-dev@studypeaks-dev.iam.gserviceaccount.com",
            "member": "serviceAccount:study-peaks-scheduler-dev@studypeaks-dev.iam.gserviceaccount.com",
            "name": "projects/studypeaks-dev/serviceAccounts/study-peaks-scheduler-dev@studypeaks-dev.iam.gserviceaccount.com",
            "project": "studypeaks-dev",
            "timeouts": null,
            "unique_id": "116128180539373078160"
          },
          "sensitive_attributes": [],
          "identity_schema_version": 0,
          "private": "eyJlMmJmYjczMC1lY2FhLTExZTYtOGY4OC0zNDM2M2JjN2M0YzAiOnsiY3JlYXRlIjozMDAwMDAwMDAwMDB9fQ=="
        }
      ]
    }
  ],
  "check_results": null
}
